# This file is automatically @generated by Cargo.
# It is not intended for manual editing.
version = 4

[[package]]
name = "hancat-core"
version = "0.8.0"
dependencies = [
 "tossicat",
 "yongcat",
]

[[package]]
name = "tossicat"
version = "0.8.0"
source = "registry+https://github.com/rust-lang/crates.io-index"
checksum = "e1b950edc75a246d0c27c4313258e1a68fc2e762ad3dba9dc81bbda3d14cdb45"

[[package]]
name = "yongcat"
version = "0.7.0"
source = "git+https://github.com/tossicat/yongcat#7afac1c5cb8758d32e09133584f2479dd9458e24"
