# This file is automatically @generated by Cargo.
# It is not intended for manual editing.
version = 4

[[package]]
name = "hancat-core"
version = "0.8.0"
dependencies = [
 "tossicat",
 "yongcat",
]

[[package]]
name = "tossicat"
version = "0.8.0"
source = "registry+https://github.com/rust-lang/crates.io-index"
checksum = "e1b950edc75a246d0c27c4313258e1a68fc2e762ad3dba9dc81bbda3d14cdb45"

[[package]]
name = "yongcat"
version = "0.8.2"
source = "registry+https://github.com/rust-lang/crates.io-index"
checksum = "6e52eede88381c56e23d6b09c41c2b9b883bbb4a8f47395f59546c6bfd891b26"
